<?xml version="1.0" encoding="utf-8"?>
<Project ToolsVersion="4.0" xmlns="http://schemas.microsoft.com/developer/msbuild/2003">
  <ItemGroup>
    <Filter Include="Engine">
      <UniqueIdentifier>{7722a23e-ef8d-454f-a025-2d057af6b123}</UniqueIdentifier>
    </Filter>
    <Filter Include="Engine\Object">
      <UniqueIdentifier>{53b2411d-ea09-49bf-9b30-198b636f6d46}</UniqueIdentifier>
    </Filter>
    <Filter Include="Engine\Texture">
      <UniqueIdentifier>{a886a251-8d13-447f-ac3f-496ab988fb64}</UniqueIdentifier>
    </Filter>
    <Filter Include="Engine\Utilities">
      <UniqueIdentifier>{676e5a9c-d5d4-4aaf-8913-972a5652e247}</UniqueIdentifier>
    </Filter>
    <Filter Include="Engine\Pooling">
      <UniqueIdentifier>{4defee06-e85b-476c-88a5-7b1d51b19222}</UniqueIdentifier>
    </Filter>
    <Filter Include="Engine\Pooling\Threading">
      <UniqueIdentifier>{1755ba02-6c17-4ada-91f8-edc58a85a0db}</UniqueIdentifier>
    </Filter>
    <Filter Include="Hands-On">
      <UniqueIdentifier>{9e1793fd-95ee-4933-a71c-42638812562c}</UniqueIdentifier>
    </Filter>
    <Filter Include="Hands-On\Threads">
      <UniqueIdentifier>{ae127453-0f99-4ce6-85f2-f28ddfc93958}</UniqueIdentifier>
    </Filter>
    <Filter Include="Hands-On\Data">
      <UniqueIdentifier>{e43b0fa1-dd93-4d7e-8a32-80f9921f4f85}</UniqueIdentifier>
    </Filter>
  </ItemGroup>
  <ItemGroup>
    <ClCompile Include="MainLoop.cpp">
      <Filter>Engine</Filter>
    </ClCompile>
    <ClCompile Include="main.cpp">
      <Filter>Engine</Filter>
    </ClCompile>
    <ClCompile Include="AObject.cpp">
      <Filter>Engine\Object</Filter>
    </ClCompile>
    <ClCompile Include="ObjectManager.cpp">
      <Filter>Engine\Object</Filter>
    </ClCompile>
    <ClCompile Include="TextureManager.cpp">
      <Filter>Engine\Texture</Filter>
    </ClCompile>
    <ClCompile Include="BGObject.cpp">
      <Filter>Engine\Object</Filter>
    </ClCompile>
    <ClCompile Include="IconObject.cpp">
      <Filter>Engine\Object</Filter>
    </ClCompile>
    <ClCompile Include="MathUtils.cpp">
      <Filter>Engine\Utilities</Filter>
    </ClCompile>
    <ClCompile Include="StringUtils.cpp">
      <Filter>Engine\Utilities</Filter>
    </ClCompile>
    <ClCompile Include="FPSCounter.cpp">
      <Filter>Engine\Utilities</Filter>
    </ClCompile>
    <ClCompile Include="TextureDisplay.cpp">
      <Filter>Engine\Texture</Filter>
    </ClCompile>
    <ClCompile Include="IETThread.cpp">
      <Filter>Engine\Pooling\Threading</Filter>
    </ClCompile>
    <ClCompile Include="StreamAssetLoader.cpp">
      <Filter>Engine\Pooling\Threading</Filter>
    </ClCompile>
    <ClCompile Include="ThreadPool.cpp">
      <Filter>Engine\Pooling</Filter>
    </ClCompile>
    <ClCompile Include="PoolWorkerThread.cpp">
      <Filter>Engine\Pooling</Filter>
    </ClCompile>
    <ClCompile Include="IWorkerAction.cpp">
      <Filter>Engine\Pooling</Filter>
    </ClCompile>
    <ClCompile Include="IETSemaphore.cpp">
      <Filter>Engine\Pooling\Threading</Filter>
    </ClCompile>
    <ClCompile Include="InserterThread.cpp">
      <Filter>Hands-On\Threads</Filter>
    </ClCompile>
    <ClCompile Include="DeleterThread.cpp">
      <Filter>Hands-On\Threads</Filter>
    </ClCompile>
    <ClCompile Include="SearcherThread.cpp">
      <Filter>Hands-On\Threads</Filter>
    </ClCompile>
    <ClCompile Include="DataHandler.cpp">
      <Filter>Hands-On\Data</Filter>
    </ClCompile>
    <ClCompile Include="ArrowObject.cpp">
      <Filter>Engine\Object</Filter>
    </ClCompile>
  </ItemGroup>
  <ItemGroup>
    <ClInclude Include="MainLoop.h">
      <Filter>Engine</Filter>
    </ClInclude>
    <ClInclude Include="AObject.h">
      <Filter>Engine\Object</Filter>
    </ClInclude>
    <ClInclude Include="ObjectManager.h">
      <Filter>Engine\Object</Filter>
    </ClInclude>
    <ClInclude Include="TextureManager.h">
      <Filter>Engine\Texture</Filter>
    </ClInclude>
    <ClInclude Include="BGObject.h">
      <Filter>Engine\Object</Filter>
    </ClInclude>
    <ClInclude Include="IconObject.h">
      <Filter>Engine\Object</Filter>
    </ClInclude>
    <ClInclude Include="MathUtils.h">
      <Filter>Engine\Utilities</Filter>
    </ClInclude>
    <ClInclude Include="StringUtils.h">
      <Filter>Engine\Utilities</Filter>
    </ClInclude>
    <ClInclude Include="FPSCounter.h">
      <Filter>Engine\Utilities</Filter>
    </ClInclude>
    <ClInclude Include="TextureDisplay.h">
      <Filter>Engine\Texture</Filter>
    </ClInclude>
    <ClInclude Include="IETThread.h">
      <Filter>Engine\Pooling\Threading</Filter>
    </ClInclude>
    <ClInclude Include="StreamAssetLoader.h">
      <Filter>Engine\Pooling\Threading</Filter>
    </ClInclude>
    <ClInclude Include="IExecutionEvent.h">
      <Filter>Engine\Pooling\Threading</Filter>
    </ClInclude>
    <ClInclude Include="ThreadPool.h">
      <Filter>Engine\Pooling</Filter>
    </ClInclude>
    <ClInclude Include="PoolWorkerThread.h">
      <Filter>Engine\Pooling</Filter>
    </ClInclude>
    <ClInclude Include="IWorkerAction.h">
      <Filter>Engine\Pooling</Filter>
    </ClInclude>
    <ClInclude Include="IETSemaphore.h">
      <Filter>Engine\Pooling\Threading</Filter>
    </ClInclude>
    <ClInclude Include="InserterThread.h">
      <Filter>Hands-On\Threads</Filter>
    </ClInclude>
    <ClInclude Include="DeleterThread.h">
      <Filter>Hands-On\Threads</Filter>
    </ClInclude>
    <ClInclude Include="SearcherThread.h">
      <Filter>Hands-On\Threads</Filter>
    </ClInclude>
    <ClInclude Include="DataHandler.h">
      <Filter>Hands-On\Data</Filter>
    </ClInclude>
    <ClInclude Include="ArrowObject.h">
      <Filter>Engine\Object</Filter>
    </ClInclude>
  </ItemGroup>
</Project>